
Microsoft Visual Studio Solution File, Format Version 12.00
# Visual Studio Version 17
VisualStudioVersion = 17.5.33502.453
MinimumVisualStudioVersion = 10.0.40219.1
Project("{FAE04EC0-301F-11D3-BF4B-00C04F79EFBC}") = "ScreenYu", "ScreenYu.csproj", "{DC188A09-CC26-4DB9-A31F-7CA4385FA2D0}"
EndProject
Global
	GlobalSection(SolutionConfigurationPlatforms) = preSolution
		Debug|Any CPU = Debug|Any CPU
		Release|Any CPU = Release|Any CPU
	EndGlobalSection
	GlobalSection(ProjectConfigurationPlatforms) = postSolution
		{DC188A09-CC26-4DB9-A31F-7CA4385FA2D0}.Debug|Any CPU.ActiveCfg = Debug|Any CPU
		{DC188A09-CC26-4DB9-A31F-7CA4385FA2D0}.Debug|Any CPU.Build.0 = Debug|Any CPU
		{DC188A09-CC26-4DB9-A31F-7CA4385FA2D0}.Release|Any CPU.ActiveCfg = Release|Any CPU
		{DC188A09-CC26-4DB9-A31F-7CA4385FA2D0}.Release|Any CPU.Build.0 = Release|Any CPU
	EndGlobalSection
	GlobalSection(SolutionProperties) = preSolution
		HideSolutionNode = FALSE
	EndGlobalSection
	GlobalSection(ExtensibilityGlobals) = postSolution
		SolutionGuid = {4DB7AF65-9E41-4D62-A09C-7B50D34D50EE}
	EndGlobalSection
EndGlobal
